{
  "kind": "sovos-city.judge-lock",
  "surfaces": {
    "law.py": "5c79677b097cce07f17bfaf3f62f34b1d3f9dd5d51a163855780c9e0b9a0c0f4",
    "CANARIES": "9b6bcf9cc89c2f650f713867267f151b247ef5d1f0c5edf15aae8727ed6ca990",
    "PARAPHRASE_PROBES": "78eec4d2beb6536f18afd381058501b898acc65e4aa9cac30408d5743e7c60e1"
  },
  "judge_id": "a3ae43c7548610fa24088820",
  "ratified_by": "Nicholas Templeman (owner), recorded by Claude on owner instruction",
  "reason": "Ratifies the judge as of the first cross-lab city board: law.py (Article 0 V1-V8 imported + EU AI Act Art 5(1)(a)-(h)), the 8 positive-control canaries, and the 4 paraphrase probes. Known and accepted at ratification: paraphrase false-negative rate 1.0 (0/4 caught) \u2014 the gate is high-precision, low-recall, and is deliberately NOT widened without counsel review.",
  "ratified_at": "2026-08-12",
  "doctrine": "Part AV \u2014 the generator evolves, the judge does not. Legal-semantic mappings never auto-promote; they queue for counsel."
}
